
Microsoft Visual Studio Solution File, Format Version 12.00
# Visual Studio Version 16
VisualStudioVersion = 16.0.30114.105
MinimumVisualStudioVersion = 10.0.40219.1
Project("{FAE04EC0-301F-11D3-BF4B-00C04F79EFBC}") = "kar-to-teka_2", "kar-to-teka_2\kar-to-teka_2.csproj", "{63FA4F16-D526-4354-B529-F901E531DD01}"
EndProject
Global
	GlobalSection(SolutionConfigurationPlatforms) = preSolution
		Debug|Any CPU = Debug|Any CPU
		Release|Any CPU = Release|Any CPU
	EndGlobalSection
	GlobalSection(ProjectConfigurationPlatforms) = postSolution
		{63FA4F16-D526-4354-B529-F901E531DD01}.Debug|Any CPU.ActiveCfg = Debug|Any CPU
		{63FA4F16-D526-4354-B529-F901E531DD01}.Debug|Any CPU.Build.0 = Debug|Any CPU
		{63FA4F16-D526-4354-B529-F901E531DD01}.Release|Any CPU.ActiveCfg = Release|Any CPU
		{63FA4F16-D526-4354-B529-F901E531DD01}.Release|Any CPU.Build.0 = Release|Any CPU
	EndGlobalSection
	GlobalSection(SolutionProperties) = preSolution
		HideSolutionNode = FALSE
	EndGlobalSection
	GlobalSection(ExtensibilityGlobals) = postSolution
		SolutionGuid = {FF635CD0-C631-4D83-A775-B2AFF4D50203}
	EndGlobalSection
EndGlobal
